
Microsoft Visual Studio Solution File, Format Version 12.00
# Visual Studio Version 16
VisualStudioVersion = 16.0.29001.49
MinimumVisualStudioVersion = 10.0.40219.1
Project("{9A19103F-16F7-4668-BE54-9A1E7A4F7556}") = "YY.Client", "YY.Client\YY.Client.csproj", "{E19AB9B3-B5B1-4CD5-80A5-33E71ECAA6E1}"
EndProject
Project("{9A19103F-16F7-4668-BE54-9A1E7A4F7556}") = "YY.Server", "YY.Server\YY.Server.csproj", "{4AB61C21-4314-4E11-AED2-8D30748110AF}"
EndProject
Project("{2150E333-8FDC-42A3-9474-1A3956D46DE8}") = "Packages", "Packages", "{DD06EB0D-3AC0-4BD3-8819-5019FBF4A4CD}"
EndProject
Project("{9A19103F-16F7-4668-BE54-9A1E7A4F7556}") = "dym.Plugs.YYTestService", "Packages\dym.Plugs.YYTestService\dym.Plugs.YYTestService.csproj", "{09BE3C5D-4060-431D-9308-13E366B89F84}"
EndProject
Project("{9A19103F-16F7-4668-BE54-9A1E7A4F7556}") = "YY.AppCenter", "YY.AppCenter\YY.AppCenter.csproj", "{B0F79D3C-8EDA-4310-8F74-EFEF7E19A0B8}"
EndProject
Project("{FAE04EC0-301F-11D3-BF4B-00C04F79EFBC}") = "dym.Plugs.SamsundotService", "Packages\dym.Plugs.SamsundotService\dym.Plugs.SamsundotService.csproj", "{F011771D-E35A-42AD-BC05-FEA2C2FB703A}"
EndProject
Global
	GlobalSection(SolutionConfigurationPlatforms) = preSolution
		Debug|Any CPU = Debug|Any CPU
		Release|Any CPU = Release|Any CPU
	EndGlobalSection
	GlobalSection(ProjectConfigurationPlatforms) = postSolution
		{E19AB9B3-B5B1-4CD5-80A5-33E71ECAA6E1}.Debug|Any CPU.ActiveCfg = Debug|Any CPU
		{E19AB9B3-B5B1-4CD5-80A5-33E71ECAA6E1}.Debug|Any CPU.Build.0 = Debug|Any CPU
		{E19AB9B3-B5B1-4CD5-80A5-33E71ECAA6E1}.Release|Any CPU.ActiveCfg = Release|Any CPU
		{E19AB9B3-B5B1-4CD5-80A5-33E71ECAA6E1}.Release|Any CPU.Build.0 = Release|Any CPU
		{4AB61C21-4314-4E11-AED2-8D30748110AF}.Debug|Any CPU.ActiveCfg = Debug|Any CPU
		{4AB61C21-4314-4E11-AED2-8D30748110AF}.Debug|Any CPU.Build.0 = Debug|Any CPU
		{4AB61C21-4314-4E11-AED2-8D30748110AF}.Release|Any CPU.ActiveCfg = Release|Any CPU
		{4AB61C21-4314-4E11-AED2-8D30748110AF}.Release|Any CPU.Build.0 = Release|Any CPU
		{09BE3C5D-4060-431D-9308-13E366B89F84}.Debug|Any CPU.ActiveCfg = Debug|Any CPU
		{09BE3C5D-4060-431D-9308-13E366B89F84}.Debug|Any CPU.Build.0 = Debug|Any CPU
		{09BE3C5D-4060-431D-9308-13E366B89F84}.Release|Any CPU.ActiveCfg = Release|Any CPU
		{09BE3C5D-4060-431D-9308-13E366B89F84}.Release|Any CPU.Build.0 = Release|Any CPU
		{B0F79D3C-8EDA-4310-8F74-EFEF7E19A0B8}.Debug|Any CPU.ActiveCfg = Debug|Any CPU
		{B0F79D3C-8EDA-4310-8F74-EFEF7E19A0B8}.Debug|Any CPU.Build.0 = Debug|Any CPU
		{B0F79D3C-8EDA-4310-8F74-EFEF7E19A0B8}.Release|Any CPU.ActiveCfg = Release|Any CPU
		{B0F79D3C-8EDA-4310-8F74-EFEF7E19A0B8}.Release|Any CPU.Build.0 = Release|Any CPU
		{F011771D-E35A-42AD-BC05-FEA2C2FB703A}.Debug|Any CPU.ActiveCfg = Debug|Any CPU
		{F011771D-E35A-42AD-BC05-FEA2C2FB703A}.Debug|Any CPU.Build.0 = Debug|Any CPU
		{F011771D-E35A-42AD-BC05-FEA2C2FB703A}.Release|Any CPU.ActiveCfg = Release|Any CPU
		{F011771D-E35A-42AD-BC05-FEA2C2FB703A}.Release|Any CPU.Build.0 = Release|Any CPU
	EndGlobalSection
	GlobalSection(SolutionProperties) = preSolution
		HideSolutionNode = FALSE
	EndGlobalSection
	GlobalSection(NestedProjects) = preSolution
		{09BE3C5D-4060-431D-9308-13E366B89F84} = {DD06EB0D-3AC0-4BD3-8819-5019FBF4A4CD}
		{F011771D-E35A-42AD-BC05-FEA2C2FB703A} = {DD06EB0D-3AC0-4BD3-8819-5019FBF4A4CD}
	EndGlobalSection
	GlobalSection(ExtensibilityGlobals) = postSolution
		SolutionGuid = {EF4907C5-1326-46EE-8735-E452CAD2070F}
	EndGlobalSection
EndGlobal
